lockfileVersion: 5.4

specifiers:
  assert: ^2.0.0
  browserify-fs: ^1.0.0
  browserify-zlib: ^0.2.0
  buffer: ^6.0.3
  console-browserify: ^1.2.0
  constants-browserify: ^1.0.0
  crypto-browserify: ^3.12.0
  domain-browser: ^4.22.0
  events: ^3.3.0
  https-browserify: ^1.0.0
  os-browserify: ^0.3.0
  path-browserify: ^1.0.1
  process: ^0.11.10
  punycode: ^2.1.1
  querystring-es3: ^0.2.1
  readable-stream: ^3.6.0
  stream-browserify: ^3.0.0
  stream-http: ^3.2.0
  string_decoder: ^1.3.0
  timers-browserify: ^2.0.12
  tty-browserify: ^0.0.1
  url: ^0.11.0
  util: ^0.12.4
  vm-browserify: ^1.1.2
  webpack: ^5.72.1

dependencies:
  assert: 2.0.0
  browserify-fs: 1.0.0
  browserify-zlib: 0.2.0
  buffer: 6.0.3
  console-browserify: 1.2.0
  constants-browserify: 1.0.0
  crypto-browserify: 3.12.0
  domain-browser: 4.22.0
  events: 3.3.0
  https-browserify: 1.0.0
  os-browserify: 0.3.0
  path-browserify: 1.0.1
  process: 0.11.10
  punycode: 2.1.1
  querystring-es3: 0.2.1
  readable-stream: 3.6.0
  stream-browserify: 3.0.0
  stream-http: 3.2.0
  string_decoder: 1.3.0
  timers-browserify: 2.0.12
  tty-browserify: 0.0.1
  url: 0.11.0
  util: 0.12.4
  vm-browserify: 1.1.2

devDependencies:
  webpack: 5.72.1

packages:

  /@types/eslint-scope/3.7.3:
    resolution: {integrity: sha512-PB3ldyrcnAicT35TWPs5IcwKD8S333HMaa2VVv4+wdvebJkjWuW/xESoB8IwRcog8HYVYamb1g/R31Qv5Bx03g==}
    dependencies:
      '@types/eslint': 7.2.7
      '@types/estree': 0.0.51
    dev: true

  /@types/eslint/7.2.7:
    resolution: {integrity: sha512-EHXbc1z2GoQRqHaAT7+grxlTJ3WE2YNeD6jlpPoRc83cCoThRY+NUWjCUZaYmk51OICkPXn2hhphcWcWXgNW0Q==}
    dependencies:
      '@types/estree': 0.0.51
      '@types/json-schema': 7.0.9
    dev: true

  /@types/estree/0.0.51:
    resolution: {integrity: sha512-CuPgU6f3eT/XgKKPqKd/gLZV1Xmvf1a2R5POBOGQa6uv82xpls89HU5zKeVoyR8XzHd1RGNOlQlvUe3CFkjWNQ==}
    dev: true

  /@types/json-schema/7.0.9:
    resolution: {integrity: sha512-qcUXuemtEu+E5wZSJHNxUXeCZhAfXKQ41D+duX+VYPde7xyEVZci+/oXKJL13tnRs9lR2pr4fod59GT6/X1/yQ==}
    dev: true

  /@types/node/14.14.35:
    resolution: {integrity: sha512-Lt+wj8NVPx0zUmUwumiVXapmaLUcAk3yPuHCFVXras9k5VT9TdhJqKqGVUQCD60OTMCl0qxJ57OiTL0Mic3Iag==}
    dev: true

  /@webassemblyjs/ast/1.11.1:
    resolution: {integrity: sha512-ukBh14qFLjxTQNTXocdyksN5QdM28S1CxHt2rdskFyL+xFV7VremuBLVbmCePj+URalXBENx/9Lm7lnhihtCSw==}
    dependencies:
      '@webassemblyjs/helper-numbers': 1.11.1
      '@webassemblyjs/helper-wasm-bytecode': 1.11.1
    dev: true

  /@webassemblyjs/floating-point-hex-parser/1.11.1:
    resolution: {integrity: sha512-iGRfyc5Bq+NnNuX8b5hwBrRjzf0ocrJPI6GWFodBFzmFnyvrQ83SHKhmilCU/8Jv67i4GJZBMhEzltxzcNagtQ==}
    dev: true

  /@webassemblyjs/helper-api-error/1.11.1:
    resolution: {integrity: sha512-RlhS8CBCXfRUR/cwo2ho9bkheSXG0+NwooXcc3PAILALf2QLdFyj7KGsKRbVc95hZnhnERon4kW/D3SZpp6Tcg==}
    dev: true

  /@webassemblyjs/helper-buffer/1.11.1:
    resolution: {integrity: sha512-gwikF65aDNeeXa8JxXa2BAk+REjSyhrNC9ZwdT0f8jc4dQQeDQ7G4m0f2QCLPJiMTTO6wfDmRmj/pW0PsUvIcA==}
    dev: true

  /@webassemblyjs/helper-numbers/1.11.1:
    resolution: {integrity: sha512-vDkbxiB8zfnPdNK9Rajcey5C0w+QJugEglN0of+kmO8l7lDb77AnlKYQF7aarZuCrv+l0UvqL+68gSDr3k9LPQ==}
    dependencies:
      '@webassemblyjs/floating-point-hex-parser': 1.11.1
      '@webassemblyjs/helper-api-error': 1.11.1
      '@xtuc/long': 4.2.2
    dev: true

  /@webassemblyjs/helper-wasm-bytecode/1.11.1:
    resolution: {integrity: sha512-PvpoOGiJwXeTrSf/qfudJhwlvDQxFgelbMqtq52WWiXC6Xgg1IREdngmPN3bs4RoO83PnL/nFrxucXj1+BX62Q==}
    dev: true

  /@webassemblyjs/helper-wasm-section/1.11.1:
    resolution: {integrity: sha512-10P9No29rYX1j7F3EVPX3JvGPQPae+AomuSTPiF9eBQeChHI6iqjMIwR9JmOJXwpnn/oVGDk7I5IlskuMwU/pg==}
    dependencies:
      '@webassemblyjs/ast': 1.11.1
      '@webassemblyjs/helper-buffer': 1.11.1
      '@webassemblyjs/helper-wasm-bytecode': 1.11.1
      '@webassemblyjs/wasm-gen': 1.11.1
    dev: true

  /@webassemblyjs/ieee754/1.11.1:
    resolution: {integrity: sha512-hJ87QIPtAMKbFq6CGTkZYJivEwZDbQUgYd3qKSadTNOhVY7p+gfP6Sr0lLRVTaG1JjFj+r3YchoqRYxNH3M0GQ==}
    dependencies:
      '@xtuc/ieee754': 1.2.0
    dev: true

  /@webassemblyjs/leb128/1.11.1:
    resolution: {integrity: sha512-BJ2P0hNZ0u+Th1YZXJpzW6miwqQUGcIHT1G/sf72gLVD9DZ5AdYTqPNbHZh6K1M5VmKvFXwGSWZADz+qBWxeRw==}
    dependencies:
      '@xtuc/long': 4.2.2
    dev: true

  /@webassemblyjs/utf8/1.11.1:
    resolution: {integrity: sha512-9kqcxAEdMhiwQkHpkNiorZzqpGrodQQ2IGrHHxCy+Ozng0ofyMA0lTqiLkVs1uzTRejX+/O0EOT7KxqVPuXosQ==}
    dev: true

  /@webassemblyjs/wasm-edit/1.11.1:
    resolution: {integrity: sha512-g+RsupUC1aTHfR8CDgnsVRVZFJqdkFHpsHMfJuWQzWU3tvnLC07UqHICfP+4XyL2tnr1amvl1Sdp06TnYCmVkA==}
    dependencies:
      '@webassemblyjs/ast': 1.11.1
      '@webassemblyjs/helper-buffer': 1.11.1
      '@webassemblyjs/helper-wasm-bytecode': 1.11.1
      '@webassemblyjs/helper-wasm-section': 1.11.1
      '@webassemblyjs/wasm-gen': 1.11.1
      '@webassemblyjs/wasm-opt': 1.11.1
      '@webassemblyjs/wasm-parser': 1.11.1
      '@webassemblyjs/wast-printer': 1.11.1
    dev: true

  /@webassemblyjs/wasm-gen/1.11.1:
    resolution: {integrity: sha512-F7QqKXwwNlMmsulj6+O7r4mmtAlCWfO/0HdgOxSklZfQcDu0TpLiD1mRt/zF25Bk59FIjEuGAIyn5ei4yMfLhA==}
    dependencies:
      '@webassemblyjs/ast': 1.11.1
      '@webassemblyjs/helper-wasm-bytecode': 1.11.1
      '@webassemblyjs/ieee754': 1.11.1
      '@webassemblyjs/leb128': 1.11.1
      '@webassemblyjs/utf8': 1.11.1
    dev: true

  /@webassemblyjs/wasm-opt/1.11.1:
    resolution: {integrity: sha512-VqnkNqnZlU5EB64pp1l7hdm3hmQw7Vgqa0KF/KCNO9sIpI6Fk6brDEiX+iCOYrvMuBWDws0NkTOxYEb85XQHHw==}
    dependencies:
      '@webassemblyjs/ast': 1.11.1
      '@webassemblyjs/helper-buffer': 1.11.1
      '@webassemblyjs/wasm-gen': 1.11.1
      '@webassemblyjs/wasm-parser': 1.11.1
    dev: true

  /@webassemblyjs/wasm-parser/1.11.1:
    resolution: {integrity: sha512-rrBujw+dJu32gYB7/Lup6UhdkPx9S9SnobZzRVL7VcBH9Bt9bCBLEuX/YXOOtBsOZ4NQrRykKhffRWHvigQvOA==}
    dependencies:
      '@webassemblyjs/ast': 1.11.1
      '@webassemblyjs/helper-api-error': 1.11.1
      '@webassemblyjs/helper-wasm-bytecode': 1.11.1
      '@webassemblyjs/ieee754': 1.11.1
      '@webassemblyjs/leb128': 1.11.1
      '@webassemblyjs/utf8': 1.11.1
    dev: true

  /@webassemblyjs/wast-printer/1.11.1:
    resolution: {integrity: sha512-IQboUWM4eKzWW+N/jij2sRatKMh99QEelo3Eb2q0qXkvPRISAj8Qxtmw5itwqK+TTkBuUIE45AxYPToqPtL5gg==}
    dependencies:
      '@webassemblyjs/ast': 1.11.1
      '@xtuc/long': 4.2.2
    dev: true

  /@xtuc/ieee754/1.2.0:
    resolution: {integrity: sha512-DX8nKgqcGwsc0eJSqYt5lwP4DH5FlHnmuWWBRy7X0NcaGR0ZtuyeESgMwTYVEtxmsNGY+qit4QYT/MIYTOTPeA==}
    dev: true

  /@xtuc/long/4.2.2:
    resolution: {integrity: sha512-NuHqBY1PB/D8xU6s/thBgOAiAP7HOYDQ32+BFZILJ8ivkUkAHQnWfn6WhL79Owj1qmUnoN/YPhktdIoucipkAQ==}
    dev: true

  /abstract-leveldown/0.12.4:
    resolution: {integrity: sha1-KeGOYy5g5OIh1YECR4UqY9ey5BA=}
    dependencies:
      xtend: 3.0.0
    dev: false

  /acorn-import-assertions/1.8.0_acorn@8.6.0:
    resolution: {integrity: sha512-m7VZ3jwz4eK6A4Vtt8Ew1/mNbP24u0FhdyfA7fSvnJR6LMdfOYnmuIrrJAgrYfYJ10F/otaHTtrtrtmHdMNzEw==}
    peerDependencies:
      acorn: ^8
    dependencies:
      acorn: 8.6.0
    dev: true

  /acorn/8.6.0:
    resolution: {integrity: sha512-U1riIR+lBSNi3IbxtaHOIKdH8sLFv3NYfNv8sg7ZsNhcfl4HF2++BfqqrNAxoCLQW1iiylOj76ecnaUxz+z9yw==}
    engines: {node: '>=0.4.0'}
    hasBin: true
    dev: true

  /ajv-keywords/3.5.2_ajv@6.12.6:
    resolution: {integrity: sha512-5p6WTN0DdTGVQk6VjcEju19IgaHudalcfabD7yhDGeA6bcQnmL+CpveLJq/3hvfwd1aof6L386Ougkx6RfyMIQ==}
    peerDependencies:
      ajv: ^6.9.1
    dependencies:
      ajv: 6.12.6
    dev: true

  /ajv/6.12.6:
    resolution: {integrity: sha512-j3fVLgvTo527anyYyJOGTYJbG+vnnQYvE0m5mmkc1TK+nxAppkCLMIL0aZ4dblVCNoGShhm+kzE4ZUykBoMg4g==}
    dependencies:
      fast-deep-equal: 3.1.3
      fast-json-stable-stringify: 2.1.0
      json-schema-traverse: 0.4.1
      uri-js: 4.4.1
    dev: true

  /array-filter/1.0.0:
    resolution: {integrity: sha1-uveeYubvTCpMC4MSMtr/7CUfnYM=}
    dev: false

  /asn1.js/5.4.1:
    resolution: {integrity: sha512-+I//4cYPccV8LdmBLiX8CYvf9Sp3vQsrqu2QNXRcrbiWvcx/UdlFiqUJJzxRQxgsZmvhXhn4cSKeSmoFjVdupA==}
    dependencies:
      bn.js: 4.12.0
      inherits: 2.0.4
      minimalistic-assert: 1.0.1
      safer-buffer: 2.1.2
    dev: false

  /assert/2.0.0:
    resolution: {integrity: sha512-se5Cd+js9dXJnu6Ag2JFc00t+HmHOen+8Q+L7O9zI0PqQXr20uk2J0XQqMxZEeo5U50o8Nvmmx7dZrl+Ufr35A==}
    dependencies:
      es6-object-assign: 1.1.0
      is-nan: 1.3.2
      object-is: 1.1.5
      util: 0.12.4
    dev: false

  /available-typed-arrays/1.0.2:
    resolution: {integrity: sha512-XWX3OX8Onv97LMk/ftVyBibpGwY5a8SmuxZPzeOxqmuEqUCOM9ZE+uIaD1VNJ5QnvU2UQusvmKbuM1FR8QWGfQ==}
    engines: {node: '>= 0.4'}
    dependencies:
      array-filter: 1.0.0
    dev: false

  /base64-js/1.5.1:
    resolution: {integrity: sha512-AKpaYlHn8t4SVbOHCy+b5+KKgvR4vrsD8vbvrbiQJps7fKDTkjkDry6ji0rUJjC0kzbNePLwzxq8iypo41qeWA==}
    dev: false

  /bl/0.8.2:
    resolution: {integrity: sha1-yba8oI0bwuoA/Ir7Txpf0eHGbk4=}
    dependencies:
      readable-stream: 1.0.34
    dev: false

  /bn.js/4.12.0:
    resolution: {integrity: sha512-c98Bf3tPniI+scsdk237ku1Dc3ujXQTSgyiPUDEOe7tRkhrqridvh8klBv0HCEso1OLOYcHuCv/cS6DNxKH+ZA==}
    dev: false

  /bn.js/5.2.0:
    resolution: {integrity: sha512-D7iWRBvnZE8ecXiLj/9wbxH7Tk79fAh8IHaTNq1RWRixsS02W+5qS+iE9yq6RYl0asXx5tw0bLhmT5pIfbSquw==}
    dev: false

  /brorand/1.1.0:
    resolution: {integrity: sha1-EsJe/kCkXjwyPrhnWgoM5XsiNx8=}
    dev: false

  /browserify-aes/1.2.0:
    resolution: {integrity: sha512-+7CHXqGuspUn/Sl5aO7Ea0xWGAtETPXNSAjHo48JfLdPWcMng33Xe4znFvQweqc/uzk5zSOI3H52CYnjCfb5hA==}
    dependencies:
      buffer-xor: 1.0.3
      cipher-base: 1.0.4
      create-hash: 1.2.0
      evp_bytestokey: 1.0.3
      inherits: 2.0.4
      safe-buffer: 5.2.1
    dev: false

  /browserify-cipher/1.0.1:
    resolution: {integrity: sha512-sPhkz0ARKbf4rRQt2hTpAHqn47X3llLkUGn+xEJzLjwY8LRs2p0v7ljvI5EyoRO/mexrNunNECisZs+gw2zz1w==}
    dependencies:
      browserify-aes: 1.2.0
      browserify-des: 1.0.2
      evp_bytestokey: 1.0.3
    dev: false

  /browserify-des/1.0.2:
    resolution: {integrity: sha512-BioO1xf3hFwz4kc6iBhI3ieDFompMhrMlnDFC4/0/vd5MokpuAc3R+LYbwTA9A5Yc9pq9UYPqffKpW2ObuwX5A==}
    dependencies:
      cipher-base: 1.0.4
      des.js: 1.0.1
      inherits: 2.0.4
      safe-buffer: 5.2.1
    dev: false

  /browserify-fs/1.0.0:
    resolution: {integrity: sha1-8HWqinKdTRcW0GZiDjhvzBMRqW8=}
    dependencies:
      level-filesystem: 1.2.0
      level-js: 2.2.4
      levelup: 0.18.6
    dev: false

  /browserify-rsa/4.1.0:
    resolution: {integrity: sha512-AdEER0Hkspgno2aR97SAf6vi0y0k8NuOpGnVH3O99rcA5Q6sh8QxcngtHuJ6uXwnfAXNM4Gn1Gb7/MV1+Ymbog==}
    dependencies:
      bn.js: 5.2.0
      randombytes: 2.1.0
    dev: false

  /browserify-sign/4.2.1:
    resolution: {integrity: sha512-/vrA5fguVAKKAVTNJjgSm1tRQDHUU6DbwO9IROu/0WAzC8PKhucDSh18J0RMvVeHAn5puMd+QHC2erPRNf8lmg==}
    dependencies:
      bn.js: 5.2.0
      browserify-rsa: 4.1.0
      create-hash: 1.2.0
      create-hmac: 1.1.7
      elliptic: 6.5.4
      inherits: 2.0.4
      parse-asn1: 5.1.6
      readable-stream: 3.6.0
      safe-buffer: 5.2.1
    dev: false

  /browserify-zlib/0.2.0:
    resolution: {integrity: sha512-Z942RysHXmJrhqk88FmKBVq/v5tqmSkDz7p54G/MGyjMnCFFnC79XWNbg+Vta8W6Wb2qtSZTSxIGkJrRpCFEiA==}
    dependencies:
      pako: 1.0.11
    dev: false

  /browserslist/4.16.3:
    resolution: {integrity: sha512-vIyhWmIkULaq04Gt93txdh+j02yX/JzlyhLYbV3YQCn/zvES3JnY7TifHHvvr1w5hTDluNKMkV05cs4vy8Q7sw==}
    engines: {node: ^6 || ^7 || ^8 || ^9 || ^10 || ^11 || ^12 || >=13.7}
    hasBin: true
    dependencies:
      caniuse-lite: 1.0.30001204
      colorette: 1.2.2
      electron-to-chromium: 1.3.693
      escalade: 3.1.1
      node-releases: 1.1.71
    dev: true

  /buffer-from/1.1.1:
    resolution: {integrity: sha512-MQcXEUbCKtEo7bhqEs6560Hyd4XaovZlO/k9V3hjVUF/zwW7KBVdSK4gIt/bzwS9MbR5qob+F5jusZsb0YQK2A==}

  /buffer-xor/1.0.3:
    resolution: {integrity: sha1-JuYe0UIvtw3ULm42cp7VHYVf6Nk=}
    dev: false

  /buffer/6.0.3:
    resolution: {integrity: sha512-FTiCpNxtwiZZHEZbcbTIcZjERVICn9yq/pDFkTl95/AxzD1naBctN7YO68riM/gLSDY7sdrMby8hofADYuuqOA==}
    dependencies:
      base64-js: 1.5.1
      ieee754: 1.2.1
    dev: false

  /builtin-status-codes/3.0.0:
    resolution: {integrity: sha1-hZgoeOIbmOHGZCXgPQF0eI9Wnug=}
    dev: false

  /call-bind/1.0.2:
    resolution: {integrity: sha512-7O+FbCihrB5WGbFYesctwmTKae6rOiIzmz1icreWJ+0aA7LJfuqhEso2T9ncpcFtzMQtzXf2QGGueWJGTYsqrA==}
    dependencies:
      function-bind: 1.1.1
      get-intrinsic: 1.1.1
    dev: false

  /caniuse-lite/1.0.30001204:
    resolution: {integrity: sha512-JUdjWpcxfJ9IPamy2f5JaRDCaqJOxDzOSKtbdx4rH9VivMd1vIzoPumsJa9LoMIi4Fx2BV2KZOxWhNkBjaYivQ==}
    dev: true

  /chrome-trace-event/1.0.2:
    resolution: {integrity: sha512-9e/zx1jw7B4CO+c/RXoCsfg/x1AfUBioy4owYH0bJprEYAx5hRFLRhWBqHAG57D0ZM4H7vxbP7bPe0VwhQRYDQ==}
    engines: {node: '>=6.0'}
    dependencies:
      tslib: 1.14.1
    dev: true

  /cipher-base/1.0.4:
    resolution: {integrity: sha512-Kkht5ye6ZGmwv40uUDZztayT2ThLQGfnj/T71N/XzeZeo3nf8foyW7zGTsPYkEya3m5f3cAypH+qe7YOrM1U2Q==}
    dependencies:
      inherits: 2.0.4
      safe-buffer: 5.2.1
    dev: false

  /clone/0.1.19:
    resolution: {integrity: sha1-YT+2hjmyaklKxTJT4Vsaa9iK2oU=}
    dev: false

  /colorette/1.2.2:
    resolution: {integrity: sha512-MKGMzyfeuutC/ZJ1cba9NqcNpfeqMUcYmyF1ZFY6/Cn7CNSAKx6a+s48sqLqyAiZuaP2TcqMhoo+dlwFnVxT9w==}
    dev: true

  /commander/2.20.3:
    resolution: {integrity: sha512-GpVkmM8vF2vQUkj2LvZmD35JxeJOLCwJ9cUkugyk2nuhbv3+mJvpLYYt+0+USMxE+oj+ey/lJEnhZw75x/OMcQ==}
    dev: true

  /concat-stream/1.6.2:
    resolution: {integrity: sha512-27HBghJxjiZtIk3Ycvn/4kbJk/1uZuJFfuPEns6LaEvpvG1f0hTea8lilrouyo9mVc2GWdcEZ8OLoGmSADlrCw==}
    engines: {'0': node >= 0.8}
    dependencies:
      buffer-from: 1.1.1
      inherits: 2.0.4
      readable-stream: 2.3.7
      typedarray: 0.0.6
    dev: false

  /console-browserify/1.2.0:
    resolution: {integrity: sha512-ZMkYO/LkF17QvCPqM0gxw8yUzigAOZOSWSHg91FH6orS7vcEj5dVZTidN2fQ14yBSdg97RqhSNwLUXInd52OTA==}
    dev: false

  /constants-browserify/1.0.0:
    resolution: {integrity: sha1-wguW2MYXdIqvHBYCF2DNJ/y4y3U=}
    dev: false

  /core-util-is/1.0.2:
    resolution: {integrity: sha1-tf1UIgqivFq1eqtxQMlAdUUDwac=}
    dev: false

  /create-ecdh/4.0.4:
    resolution: {integrity: sha512-mf+TCx8wWc9VpuxfP2ht0iSISLZnt0JgWlrOKZiNqyUZWnjIaCIVNQArMHnCZKfEYRg6IM7A+NeJoN8gf/Ws0A==}
    dependencies:
      bn.js: 4.12.0
      elliptic: 6.5.4
    dev: false

  /create-hash/1.2.0:
    resolution: {integrity: sha512-z00bCGNHDG8mHAkP7CtT1qVu+bFQUPjYq/4Iv3C3kWjTFV10zIjfSoeqXo9Asws8gwSHDGj/hl2u4OGIjapeCg==}
    dependencies:
      cipher-base: 1.0.4
      inherits: 2.0.4
      md5.js: 1.3.5
      ripemd160: 2.0.2
      sha.js: 2.4.11
    dev: false

  /create-hmac/1.1.7:
    resolution: {integrity: sha512-MJG9liiZ+ogc4TzUwuvbER1JRdgvUFSB5+VR/g5h82fGaIRWMWddtKBHi7/sVhfjQZ6SehlyhvQYrcYkaUIpLg==}
    dependencies:
      cipher-base: 1.0.4
      create-hash: 1.2.0
      inherits: 2.0.4
      ripemd160: 2.0.2
      safe-buffer: 5.2.1
      sha.js: 2.4.11
    dev: false

  /crypto-browserify/3.12.0:
    resolution: {integrity: sha512-fz4spIh+znjO2VjL+IdhEpRJ3YN6sMzITSBijk6FK2UvTqruSQW+/cCZTSNsMiZNvUeq0CqurF+dAbyiGOY6Wg==}
    dependencies:
      browserify-cipher: 1.0.1
      browserify-sign: 4.2.1
      create-ecdh: 4.0.4
      create-hash: 1.2.0
      create-hmac: 1.1.7
      diffie-hellman: 5.0.3
      inherits: 2.0.4
      pbkdf2: 3.1.2
      public-encrypt: 4.0.3
      randombytes: 2.1.0
      randomfill: 1.0.4
    dev: false

  /deferred-leveldown/0.2.0:
    resolution: {integrity: sha1-LO8fER4cV4cNi7uK8mUOWHzS9bQ=}
    dependencies:
      abstract-leveldown: 0.12.4
    dev: false

  /define-properties/1.1.3:
    resolution: {integrity: sha512-3MqfYKj2lLzdMSf8ZIZE/V+Zuy+BgD6f164e8K2w7dgnpKArBDerGYpM46IYYcjnkdPNMjPk9A6VFB8+3SKlXQ==}
    engines: {node: '>= 0.4'}
    dependencies:
      object-keys: 1.1.1
    dev: false

  /des.js/1.0.1:
    resolution: {integrity: sha512-Q0I4pfFrv2VPd34/vfLrFOoRmlYj3OV50i7fskps1jZWK1kApMWWT9G6RRUeYedLcBDIhnSDaUvJMb3AhUlaEA==}
    dependencies:
      inherits: 2.0.4
      minimalistic-assert: 1.0.1
    dev: false

  /diffie-hellman/5.0.3:
    resolution: {integrity: sha512-kqag/Nl+f3GwyK25fhUMYj81BUOrZ9IuJsjIcDE5icNM9FJHAVm3VcUDxdLPoQtTuUylWm6ZIknYJwwaPxsUzg==}
    dependencies:
      bn.js: 4.12.0
      miller-rabin: 4.0.1
      randombytes: 2.1.0
    dev: false

  /domain-browser/4.22.0:
    resolution: {integrity: sha512-IGBwjF7tNk3cwypFNH/7bfzBcgSCbaMOD3GsaY1AU/JRrnHnYgEM0+9kQt52iZxjNsjBtJYtao146V+f8jFZNw==}
    engines: {node: '>=10'}
    dev: false

  /electron-to-chromium/1.3.693:
    resolution: {integrity: sha512-vUdsE8yyeu30RecppQtI+XTz2++LWLVEIYmzeCaCRLSdtKZ2eXqdJcrs85KwLiPOPVc6PELgWyXBsfqIvzGZag==}
    dev: true

  /elliptic/6.5.4:
    resolution: {integrity: sha512-iLhC6ULemrljPZb+QutR5TQGB+pdW6KGD5RSegS+8sorOZT+rdQFbsQFJgvN3eRqNALqJer4oQ16YvJHlU8hzQ==}
    dependencies:
      bn.js: 4.12.0
      brorand: 1.1.0
      hash.js: 1.1.7
      hmac-drbg: 1.0.1
      inherits: 2.0.4
      minimalistic-assert: 1.0.1
      minimalistic-crypto-utils: 1.0.1
    dev: false

  /enhanced-resolve/5.9.3:
    resolution: {integrity: sha512-Bq9VSor+kjvW3f9/MiiR4eE3XYgOl7/rS8lnSxbRbF3kS0B2r+Y9w5krBWxZgDxASVZbdYrn5wT4j/Wb0J9qow==}
    engines: {node: '>=10.13.0'}
    dependencies:
      graceful-fs: 4.2.9
      tapable: 2.2.0
    dev: true

  /errno/0.1.8:
    resolution: {integrity: sha512-dJ6oBr5SQ1VSd9qkk7ByRgb/1SH4JZjCHSW/mr63/QcXO9zLVxvJ6Oy13nio03rxpSnVDDjFor75SjVeZWPW/A==}
    hasBin: true
    dependencies:
      prr: 1.0.1
    dev: false

  /es-abstract/1.18.0:
    resolution: {integrity: sha512-LJzK7MrQa8TS0ja2w3YNLzUgJCGPdPOV1yVvezjNnS89D+VR08+Szt2mz3YB2Dck/+w5tfIq/RoUAFqJJGM2yw==}
    engines: {node: '>= 0.4'}
    dependencies:
      call-bind: 1.0.2
      es-to-primitive: 1.2.1
      function-bind: 1.1.1
      get-intrinsic: 1.1.1
      has: 1.0.3
      has-symbols: 1.0.2
      is-callable: 1.2.3
      is-negative-zero: 2.0.1
      is-regex: 1.1.3
      is-string: 1.0.6
      object-inspect: 1.10.3
      object-keys: 1.1.1
      object.assign: 4.1.2
      string.prototype.trimend: 1.0.4
      string.prototype.trimstart: 1.0.4
      unbox-primitive: 1.0.1
    dev: false

  /es-module-lexer/0.9.3:
    resolution: {integrity: sha512-1HQ2M2sPtxwnvOvT1ZClHyQDiggdNjURWpY2we6aMKCQiUVxTmVs2UYPLIrD84sS+kMdUwfBSylbJPwNnBrnHQ==}
    dev: true

  /es-to-primitive/1.2.1:
    resolution: {integrity: sha512-QCOllgZJtaUo9miYBcLChTUaHNjJF3PYs1VidD7AwiEj1kYxKeQTctLAezAOH5ZKRH0g2IgPn6KwB4IT8iRpvA==}
    engines: {node: '>= 0.4'}
    dependencies:
      is-callable: 1.2.3
      is-date-object: 1.0.4
      is-symbol: 1.0.4
    dev: false

  /es6-object-assign/1.1.0:
    resolution: {integrity: sha1-wsNYJlYkfDnqEHyx5mUrb58kUjw=}
    dev: false

  /escalade/3.1.1:
    resolution: {integrity: sha512-k0er2gUkLf8O0zKJiAhmkTnJlTvINGv7ygDNPbeIsX/TJjGJZHuh9B2UxbsaEkmlEo9MfhrSzmhIlhRlI2GXnw==}
    engines: {node: '>=6'}
    dev: true

  /eslint-scope/5.1.1:
    resolution: {integrity: sha512-2NxwbF/hZ0KpepYN0cNbo+FN6XoK7GaHlQhgx/hIZl6Va0bF45RQOOwhLIy8lQDbuCiadSLCBnH2CFYquit5bw==}
    engines: {node: '>=8.0.0'}
    dependencies:
      esrecurse: 4.3.0
      estraverse: 4.3.0
    dev: true

  /esrecurse/4.3.0:
    resolution: {integrity: sha512-KmfKL3b6G+RXvP8N1vr3Tq1kL/oCFgn2NYXEtqP8/L3pKapUA4G8cFVaoF3SU323CD4XypR/ffioHmkti6/Tag==}
    engines: {node: '>=4.0'}
    dependencies:
      estraverse: 5.2.0
    dev: true

  /estraverse/4.3.0:
    resolution: {integrity: sha512-39nnKffWz8xN1BU/2c79n9nB9HDzo0niYUqx6xyqUnyoAnQyyWpOTdZEeiCch8BBu515t4wp9ZmgVfVhn9EBpw==}
    engines: {node: '>=4.0'}
    dev: true

  /estraverse/5.2.0:
    resolution: {integrity: sha512-BxbNGGNm0RyRYvUdHpIwv9IWzeM9XClbOxwoATuFdOE7ZE6wHL+HQ5T8hoPM+zHvmKzzsEqhgy0GrQ5X13afiQ==}
    engines: {node: '>=4.0'}
    dev: true

  /events/3.3.0:
    resolution: {integrity: sha512-mQw+2fkQbALzQ7V0MY0IqdnXNOeTtP4r0lN9z7AAawCXgqea7bDii20AYrIBrFd/Hx0M2Ocz6S111CaFkUcb0Q==}
    engines: {node: '>=0.8.x'}

  /evp_bytestokey/1.0.3:
    resolution: {integrity: sha512-/f2Go4TognH/KvCISP7OUsHn85hT9nUkxxA9BEWxFn+Oj9o8ZNLm/40hdlgSLyuOimsrTKLUMEorQexp/aPQeA==}
    dependencies:
      md5.js: 1.3.5
      safe-buffer: 5.2.1
    dev: false

  /fast-deep-equal/3.1.3:
    resolution: {integrity: sha512-f3qQ9oQy9j2AhBe/H9VC91wLmKBCCU/gDOnKNAYG5hswO7BLKj09Hc5HYNz9cGI++xlpDCIgDaitVs03ATR84Q==}
    dev: true

  /fast-json-stable-stringify/2.1.0:
    resolution: {integrity: sha512-lhd/wF+Lk98HZoTCtlVraHtfh5XYijIjalXck7saUtuanSDyLMxnHhSXEDJqHxD7msR8D0uCmqlkwjCV8xvwHw==}
    dev: true

  /foreach/2.0.5:
    resolution: {integrity: sha1-C+4AUBiusmDQo6865ljdATbsG5k=}
    dev: false

  /function-bind/1.1.1:
    resolution: {integrity: sha512-yIovAzMX49sF8Yl58fSCWJ5svSLuaibPxXQJFLmBObTuCr0Mf1KiPopGM9NiFjiYBCbfaa2Fh6breQ6ANVTI0A==}
    dev: false

  /fwd-stream/1.0.4:
    resolution: {integrity: sha1-7Sgcq+1G/uz5Ie4y3ExQs3KsfPo=}
    dependencies:
      readable-stream: 1.0.34
    dev: false

  /get-intrinsic/1.1.1:
    resolution: {integrity: sha512-kWZrnVM42QCiEA2Ig1bG8zjoIMOgxWwYCEeNdwY6Tv/cOSeGpcoX4pXHfKUxNKVoArnrEr2e9srnAxxGIraS9Q==}
    dependencies:
      function-bind: 1.1.1
      has: 1.0.3
      has-symbols: 1.0.2
    dev: false

  /glob-to-regexp/0.4.1:
    resolution: {integrity: sha512-lkX1HJXwyMcprw/5YUZc2s7DrpAiHB21/V+E1rHUrVNokkvB6bqMzT0VfV6/86ZNabt1k14YOIaT7nDvOX3Iiw==}
    dev: true

  /graceful-fs/4.2.9:
    resolution: {integrity: sha512-NtNxqUcXgpW2iMrfqSfR73Glt39K+BLwWsPs94yR63v45T0Wbej7eRmL5cWfwEgqXnmjQp3zaJTshdRW/qC2ZQ==}
    dev: true

  /has-bigints/1.0.1:
    resolution: {integrity: sha512-LSBS2LjbNBTf6287JEbEzvJgftkF5qFkmCo9hDRpAzKhUOlJ+hx8dd4USs00SgsUNwc4617J9ki5YtEClM2ffA==}
    dev: false

  /has-flag/4.0.0:
    resolution: {integrity: sha512-EykJT/Q1KjTWctppgIAgfSO0tKVuZUjhgMr17kqTumMl6Afv3EISleU7qZUzoXDFTAHTDC4NOoG/ZxU3EvlMPQ==}
    engines: {node: '>=8'}
    dev: true

  /has-symbols/1.0.2:
    resolution: {integrity: sha512-chXa79rL/UC2KlX17jo3vRGz0azaWEx5tGqZg5pO3NUyEJVB17dMruQlzCCOfUvElghKcm5194+BCRvi2Rv/Gw==}
    engines: {node: '>= 0.4'}
    dev: false

  /has/1.0.3:
    resolution: {integrity: sha512-f2dvO0VU6Oej7RkWJGrehjbzMAjFp5/VKPp5tTpWIV4JHHZK1/BxbFRtf/siA2SWTe09caDmVtYYzWEIbBS4zw==}
    engines: {node: '>= 0.4.0'}
    dependencies:
      function-bind: 1.1.1
    dev: false

  /hash-base/3.1.0:
    resolution: {integrity: sha512-1nmYp/rhMDiE7AYkDw+lLwlAzz0AntGIe51F3RfFfEqyQ3feY2eI/NcwC6umIQVOASPMsWJLJScWKSSvzL9IVA==}
    engines: {node: '>=4'}
    dependencies:
      inherits: 2.0.4
      readable-stream: 3.6.0
      safe-buffer: 5.2.1
    dev: false

  /hash.js/1.1.7:
    resolution: {integrity: sha512-taOaskGt4z4SOANNseOviYDvjEJinIkRgmp7LbKP2YTTmVxWBl87s/uzK9r+44BclBSp2X7K1hqeNfz9JbBeXA==}
    dependencies:
      inherits: 2.0.4
      minimalistic-assert: 1.0.1
    dev: false

  /hmac-drbg/1.0.1:
    resolution: {integrity: sha1-0nRXAQJabHdabFRXk+1QL8DGSaE=}
    dependencies:
      hash.js: 1.1.7
      minimalistic-assert: 1.0.1
      minimalistic-crypto-utils: 1.0.1
    dev: false

  /https-browserify/1.0.0:
    resolution: {integrity: sha1-7AbBDgo0wPL68Zn3/X/Hj//QPHM=}
    dev: false

  /idb-wrapper/1.7.2:
    resolution: {integrity: sha512-zfNREywMuf0NzDo9mVsL0yegjsirJxHpKHvWcyRozIqQy89g0a3U+oBPOCN4cc0oCiOuYgZHimzaW/R46G1Mpg==}
    dev: false

  /ieee754/1.2.1:
    resolution: {integrity: sha512-dcyqhDvX1C46lXZcVqCpK+FtMRQVdIMN6/Df5js2zouUsqG7I6sFxitIC+7KYK29KdXOLHdu9zL4sFnoVQnqaA==}
    dev: false

  /indexof/0.0.1:
    resolution: {integrity: sha1-gtwzbSMrkGIXnQWrMpOmYFn9Q10=}
    dev: false

  /inherits/2.0.4:
    resolution: {integrity: sha512-k/vGaX4/Yla3WzyMCvTQOXYeIHvqOKtnqBduzTHpzpQZzAskKMhZ2K+EnBiSM9zGSoIFeMpXKxa4dYeZIQqewQ==}
    dev: false

  /is-arguments/1.1.0:
    resolution: {integrity: sha512-1Ij4lOMPl/xB5kBDn7I+b2ttPMKa8szhEIrXDuXQD/oe3HJLTLhqhgGspwgyGd6MOywBUqVvYicF72lkgDnIHg==}
    engines: {node: '>= 0.4'}
    dependencies:
      call-bind: 1.0.2
    dev: false

  /is-bigint/1.0.2:
    resolution: {integrity: sha512-0JV5+SOCQkIdzjBK9buARcV804Ddu7A0Qet6sHi3FimE9ne6m4BGQZfRn+NZiXbBk4F4XmHfDZIipLj9pX8dSA==}
    dev: false

  /is-boolean-object/1.1.1:
    resolution: {integrity: sha512-bXdQWkECBUIAcCkeH1unwJLIpZYaa5VvuygSyS/c2lf719mTKZDU5UdDRlpd01UjADgmW8RfqaP+mRaVPdr/Ng==}
    engines: {node: '>= 0.4'}
    dependencies:
      call-bind: 1.0.2
    dev: false

  /is-callable/1.2.3:
    resolution: {integrity: sha512-J1DcMe8UYTBSrKezuIUTUwjXsho29693unXM2YhJUTR2txK/eG47bvNa/wipPFmZFgr/N6f1GA66dv0mEyTIyQ==}
    engines: {node: '>= 0.4'}
    dev: false

  /is-date-object/1.0.4:
    resolution: {integrity: sha512-/b4ZVsG7Z5XVtIxs/h9W8nvfLgSAyKYdtGWQLbqy6jA1icmgjf8WCoTKgeS4wy5tYaPePouzFMANbnj94c2Z+A==}
    engines: {node: '>= 0.4'}
    dev: false

  /is-generator-function/1.0.9:
    resolution: {integrity: sha512-ZJ34p1uvIfptHCN7sFTjGibB9/oBg17sHqzDLfuwhvmN/qLVvIQXRQ8licZQ35WJ8KuEQt/etnnzQFI9C9Ue/A==}
    engines: {node: '>= 0.4'}
    dev: false

  /is-nan/1.3.2:
    resolution: {integrity: sha512-E+zBKpQ2t6MEo1VsonYmluk9NxGrbzpeeLC2xIViuO2EjU2xsXsBPwTr3Ykv9l08UYEVEdWeRZNouaZqF6RN0w==}
    engines: {node: '>= 0.4'}
    dependencies:
      call-bind: 1.0.2
      define-properties: 1.1.3
    dev: false

  /is-negative-zero/2.0.1:
    resolution: {integrity: sha512-2z6JzQvZRa9A2Y7xC6dQQm4FSTSTNWjKIYYTt4246eMTJmIo0Q+ZyOsU66X8lxK1AbB92dFeglPLrhwpeRKO6w==}
    engines: {node: '>= 0.4'}
    dev: false

  /is-number-object/1.0.5:
    resolution: {integrity: sha512-RU0lI/n95pMoUKu9v1BZP5MBcZuNSVJkMkAG2dJqC4z2GlkGUNeH68SuHuBKBD/XFe+LHZ+f9BKkLET60Niedw==}
    engines: {node: '>= 0.4'}
    dev: false

  /is-object/0.1.2:
    resolution: {integrity: sha1-AO+8CIFsM8/ErIJR0TLhDcZQmNc=}
    dev: false

  /is-regex/1.1.3:
    resolution: {integrity: sha512-qSVXFz28HM7y+IWX6vLCsexdlvzT1PJNFSBuaQLQ5o0IEw8UDYW6/2+eCMVyIsbM8CNLX2a/QWmSpyxYEHY7CQ==}
    engines: {node: '>= 0.4'}
    dependencies:
      call-bind: 1.0.2
      has-symbols: 1.0.2
    dev: false

  /is-string/1.0.6:
    resolution: {integrity: sha512-2gdzbKUuqtQ3lYNrUTQYoClPhm7oQu4UdpSZMp1/DGgkHBT8E2Z1l0yMdb6D4zNAxwDiMv8MdulKROJGNl0Q0w==}
    engines: {node: '>= 0.4'}
    dev: false

  /is-symbol/1.0.4:
    resolution: {integrity: sha512-C/CPBqKWnvdcxqIARxyOh4v1UUEOCHpgDa0WYgpKDFMszcrPcffg5uhwSgPCLD2WWxmq6isisz87tzT01tuGhg==}
    engines: {node: '>= 0.4'}
    dependencies:
      has-symbols: 1.0.2
    dev: false

  /is-typed-array/1.1.5:
    resolution: {integrity: sha512-S+GRDgJlR3PyEbsX/Fobd9cqpZBuvUS+8asRqYDMLCb2qMzt1oz5m5oxQCxOgUDxiWsOVNi4yaF+/uvdlHlYug==}
    engines: {node: '>= 0.4'}
    dependencies:
      available-typed-arrays: 1.0.2
      call-bind: 1.0.2
      es-abstract: 1.18.0
      foreach: 2.0.5
      has-symbols: 1.0.2
    dev: false

  /is/0.2.7:
    resolution: {integrity: sha1-OzSixI81mXLzUEKEkZOucmS2NWI=}
    dev: false

  /isarray/0.0.1:
    resolution: {integrity: sha1-ihis/Kmo9Bd+Cav8YDiTmwXR7t8=}
    dev: false

  /isarray/1.0.0:
    resolution: {integrity: sha1-u5NdSFgsuhaMBoNJV6VKPgcSTxE=}
    dev: false

  /isbuffer/0.0.0:
    resolution: {integrity: sha1-OMFG2d9Si4v5sHAcPUPPEt8/w5s=}
    dev: false

  /jest-worker/27.3.1:
    resolution: {integrity: sha512-ks3WCzsiZaOPJl/oMsDjaf0TRiSv7ctNgs0FqRr2nARsovz6AWWy4oLElwcquGSz692DzgZQrCLScPNs5YlC4g==}
    engines: {node: '>= 10.13.0'}
    dependencies:
      '@types/node': 14.14.35
      merge-stream: 2.0.0
      supports-color: 8.1.1
    dev: true

  /json-parse-even-better-errors/2.3.1:
    resolution: {integrity: sha512-xyFwyhro/JEof6Ghe2iz2NcXoj2sloNsWr/XsERDK/oiPCfaNhl5ONfp+jQdAZRQQ0IJWNzH9zIZF7li91kh2w==}
    dev: true

  /json-schema-traverse/0.4.1:
    resolution: {integrity: sha512-xbbCH5dCYU5T8LcEhhuh7HJ88HXuW3qsI3Y0zOZFKfZEHcpWiHU/Jxzk629Brsab/mMiHQti9wMP+845RPe3Vg==}
    dev: true

  /level-blobs/0.1.7:
    resolution: {integrity: sha1-mrm5e7mfHtv594o0M+Ie1WOGva8=}
    dependencies:
      level-peek: 1.0.6
      once: 1.4.0
      readable-stream: 1.1.14
    dev: false

  /level-filesystem/1.2.0:
    resolution: {integrity: sha1-oArKmRnEpN+v3KaoEI0iWq3/Y7M=}
    dependencies:
      concat-stream: 1.6.2
      errno: 0.1.8
      fwd-stream: 1.0.4
      level-blobs: 0.1.7
      level-peek: 1.0.6
      level-sublevel: 5.2.3
      octal: 1.0.0
      once: 1.4.0
      xtend: 2.2.0
    dev: false

  /level-fix-range/1.0.2:
    resolution: {integrity: sha1-vxW5Fa422EcMgh6IPd95zRZCCCg=}
    dev: false

  /level-fix-range/2.0.0:
    resolution: {integrity: sha1-xBfWIVlEIVGhnZojZ4aPFyTC1Ug=}
    dependencies:
      clone: 0.1.19
    dev: false

  /level-hooks/4.5.0:
    resolution: {integrity: sha1-G5rmGSKTDzMF0aYfxNg8gQLA3ZM=}
    dependencies:
      string-range: 1.2.2
    dev: false

  /level-js/2.2.4:
    resolution: {integrity: sha1-vAVfQYBjXUSJtWHJSG+jcOjBFpc=}
    dependencies:
      abstract-leveldown: 0.12.4
      idb-wrapper: 1.7.2
      isbuffer: 0.0.0
      ltgt: 2.2.1
      typedarray-to-buffer: 1.0.4
      xtend: 2.1.2
    dev: false

  /level-peek/1.0.6:
    resolution: {integrity: sha1-vsUccqgu5GTTNkNMfIdsP8vM538=}
    dependencies:
      level-fix-range: 1.0.2
    dev: false

  /level-sublevel/5.2.3:
    resolution: {integrity: sha1-dEwSxy0ucr543eO5tc2E1iGRQTo=}
    dependencies:
      level-fix-range: 2.0.0
      level-hooks: 4.5.0
      string-range: 1.2.2
      xtend: 2.0.6
    dev: false

  /levelup/0.18.6:
    resolution: {integrity: sha1-5qAcsIlhbI7MApHCqb0/DETj5es=}
    dependencies:
      bl: 0.8.2
      deferred-leveldown: 0.2.0
      errno: 0.1.8
      prr: 0.0.0
      readable-stream: 1.0.34
      semver: 2.3.2
      xtend: 3.0.0
    dev: false

  /loader-runner/4.2.0:
    resolution: {integrity: sha512-92+huvxMvYlMzMt0iIOukcwYBFpkYJdpl2xsZ7LrlayO7E8SOv+JJUEK17B/dJIHAOLMfh2dZZ/Y18WgmGtYNw==}
    engines: {node: '>=6.11.5'}
    dev: true

  /ltgt/2.2.1:
    resolution: {integrity: sha1-81ypHEk/e3PaDgdJUwTxezH4fuU=}
    dev: false

  /md5.js/1.3.5:
    resolution: {integrity: sha512-xitP+WxNPcTTOgnTJcrhM0xvdPepipPSf3I8EIpGKeFLjt3PlJLIDG3u8EX53ZIubkb+5U2+3rELYpEhHhzdkg==}
    dependencies:
      hash-base: 3.1.0
      inherits: 2.0.4
      safe-buffer: 5.2.1
    dev: false

  /merge-stream/2.0.0:
    resolution: {integrity: sha512-abv/qOcuPfk3URPfDzmZU1LKmuw8kT+0nIHvKrKgFrwifol/doWcdA4ZqsWQ8ENrFKkd67Mfpo/LovbIUsbt3w==}
    dev: true

  /miller-rabin/4.0.1:
    resolution: {integrity: sha512-115fLhvZVqWwHPbClyntxEVfVDfl9DLLTuJvq3g2O/Oxi8AiNouAHvDSzHS0viUJc+V5vm3eq91Xwqn9dp4jRA==}
    hasBin: true
    dependencies:
      bn.js: 4.12.0
      brorand: 1.1.0
    dev: false

  /mime-db/1.46.0:
    resolution: {integrity: sha512-svXaP8UQRZ5K7or+ZmfNhg2xX3yKDMUzqadsSqi4NCH/KomcH75MAMYAGVlvXn4+b/xOPhS3I2uHKRUzvjY7BQ==}
    engines: {node: '>= 0.6'}
    dev: true

  /mime-types/2.1.29:
    resolution: {integrity: sha512-Y/jMt/S5sR9OaqteJtslsFZKWOIIqMACsJSiHghlCAyhf7jfVYjKBmLiX8OgpWeW+fjJ2b+Az69aPFPkUOY6xQ==}
    engines: {node: '>= 0.6'}
    dependencies:
      mime-db: 1.46.0
    dev: true

  /minimalistic-assert/1.0.1:
    resolution: {integrity: sha512-UtJcAD4yEaGtjPezWuO9wC4nwUnVH/8/Im3yEHQP4b67cXlD/Qr9hdITCU1xDbSEXg2XKNaP8jsReV7vQd00/A==}
    dev: false

  /minimalistic-crypto-utils/1.0.1:
    resolution: {integrity: sha1-9sAMHAsIIkblxNmd+4x8CDsrWCo=}
    dev: false

  /neo-async/2.6.2:
    resolution: {integrity: sha512-Yd3UES5mWCSqR+qNT93S3UoYUkqAZ9lLg8a7g9rimsWmYGK8cVToA4/sF3RrshdyV3sAGMXVUmpMYOw+dLpOuw==}
    dev: true

  /node-releases/1.1.71:
    resolution: {integrity: sha512-zR6HoT6LrLCRBwukmrVbHv0EpEQjksO6GmFcZQQuCAy139BEsoVKPYnf3jongYW83fAa1torLGYwxxky/p28sg==}
    dev: true

  /object-inspect/1.10.3:
    resolution: {integrity: sha512-e5mCJlSH7poANfC8z8S9s9S2IN5/4Zb3aZ33f5s8YqoazCFzNLloLU8r5VCG+G7WoqLvAAZoVMcy3tp/3X0Plw==}
    dev: false

  /object-is/1.1.5:
    resolution: {integrity: sha512-3cyDsyHgtmi7I7DfSSI2LDp6SK2lwvtbg0p0R1e0RvTqF5ceGx+K2dfSjm1bKDMVCFEDAQvy+o8c6a7VujOddw==}
    engines: {node: '>= 0.4'}
    dependencies:
      call-bind: 1.0.2
      define-properties: 1.1.3
    dev: false

  /object-keys/0.2.0:
    resolution: {integrity: sha1-zd7AKZiwkb5CvxA1rjLknxy26mc=}
    deprecated: Please update to the latest object-keys
    dependencies:
      foreach: 2.0.5
      indexof: 0.0.1
      is: 0.2.7
    dev: false

  /object-keys/0.4.0:
    resolution: {integrity: sha1-KKaq50KN0sOpLz2V8hM13SBOAzY=}
    dev: false

  /object-keys/1.1.1:
    resolution: {integrity: sha512-NuAESUOUMrlIXOfHKzD6bpPu3tYt3xvjNdRIQ+FeT0lNb4K8WR70CaDxhuNguS2XG+GjkyMwOzsN5ZktImfhLA==}
    engines: {node: '>= 0.4'}
    dev: false

  /object.assign/4.1.2:
    resolution: {integrity: sha512-ixT2L5THXsApyiUPYKmW+2EHpXXe5Ii3M+f4e+aJFAHao5amFRW6J0OO6c/LU8Be47utCx2GL89hxGB6XSmKuQ==}
    engines: {node: '>= 0.4'}
    dependencies:
      call-bind: 1.0.2
      define-properties: 1.1.3
      has-symbols: 1.0.2
      object-keys: 1.1.1
    dev: false

  /octal/1.0.0:
    resolution: {integrity: sha1-Y+cWKmjvvrniE1iNWOmJ0eXEUws=}
    dev: false

  /once/1.4.0:
    resolution: {integrity: sha1-WDsap3WWHUsROsF9nFC6753Xa9E=}
    dependencies:
      wrappy: 1.0.2
    dev: false

  /os-browserify/0.3.0:
    resolution: {integrity: sha1-hUNzx/XCMVkU/Jv8a9gjj92h7Cc=}
    dev: false

  /pako/1.0.11:
    resolution: {integrity: sha512-4hLB8Py4zZce5s4yd9XzopqwVv/yGNhV1Bl8NTmCq1763HeK2+EwVTv+leGeL13Dnh2wfbqowVPXCIO0z4taYw==}
    dev: false

  /parse-asn1/5.1.6:
    resolution: {integrity: sha512-RnZRo1EPU6JBnra2vGHj0yhp6ebyjBZpmUCLHWiFhxlzvBCCpAuZ7elsBp1PVAbQN0/04VD/19rfzlBSwLstMw==}
    dependencies:
      asn1.js: 5.4.1
      browserify-aes: 1.2.0
      evp_bytestokey: 1.0.3
      pbkdf2: 3.1.2
      safe-buffer: 5.2.1
    dev: false

  /path-browserify/1.0.1:
    resolution: {integrity: sha512-b7uo2UCUOYZcnF/3ID0lulOJi/bafxa1xPe7ZPsammBSpjSWQkjNxlt635YGS2MiR9GjvuXCtz2emr3jbsz98g==}
    dev: false

  /pbkdf2/3.1.2:
    resolution: {integrity: sha512-iuh7L6jA7JEGu2WxDwtQP1ddOpaJNC4KlDEFfdQajSGgGPNi4OyDc2R7QnbY2bR9QjBVGwgvTdNJZoE7RaxUMA==}
    engines: {node: '>=0.12'}
    dependencies:
      create-hash: 1.2.0
      create-hmac: 1.1.7
      ripemd160: 2.0.2
      safe-buffer: 5.2.1
      sha.js: 2.4.11
    dev: false

  /process-nextick-args/2.0.1:
    resolution: {integrity: sha512-3ouUOpQhtgrbOa17J7+uxOTpITYWaGP7/AhoR3+A+/1e9skrzelGi/dXzEYyvbxubEF6Wn2ypscTKiKJFFn1ag==}
    dev: false

  /process/0.11.10:
    resolution: {integrity: sha1-czIwDoQBYb2j5podHZGn1LwW8YI=}
    engines: {node: '>= 0.6.0'}
    dev: false

  /prr/0.0.0:
    resolution: {integrity: sha1-GoS4WQgyVQFBGFPQCB7j+obikmo=}
    dev: false

  /prr/1.0.1:
    resolution: {integrity: sha1-0/wRS6BplaRexok/SEzrHXj19HY=}
    dev: false

  /public-encrypt/4.0.3:
    resolution: {integrity: sha512-zVpa8oKZSz5bTMTFClc1fQOnyyEzpl5ozpi1B5YcvBrdohMjH2rfsBtyXcuNuwjsDIXmBYlF2N5FlJYhR29t8Q==}
    dependencies:
      bn.js: 4.12.0
      browserify-rsa: 4.1.0
      create-hash: 1.2.0
      parse-asn1: 5.1.6
      randombytes: 2.1.0
      safe-buffer: 5.2.1
    dev: false

  /punycode/1.3.2:
    resolution: {integrity: sha1-llOgNvt8HuQjQvIyXM7v6jkmxI0=}
    dev: false

  /punycode/2.1.1:
    resolution: {integrity: sha512-XRsRjdf+j5ml+y/6GKHPZbrF/8p2Yga0JPtdqTIY2Xe5ohJPD9saDJJLPvp9+NSBprVvevdXZybnj2cv8OEd0A==}
    engines: {node: '>=6'}

  /querystring-es3/0.2.1:
    resolution: {integrity: sha1-nsYfeQSYdXB9aUFFlv2Qek1xHnM=}
    engines: {node: '>=0.4.x'}
    dev: false

  /querystring/0.2.0:
    resolution: {integrity: sha1-sgmEkgO7Jd+CDadW50cAWHhSFiA=}
    engines: {node: '>=0.4.x'}
    dev: false

  /randombytes/2.1.0:
    resolution: {integrity: sha512-vYl3iOX+4CKUWuxGi9Ukhie6fsqXqS9FE2Zaic4tNFD2N2QQaXOMFbuKK4QmDHC0JO6B1Zp41J0LpT0oR68amQ==}
    dependencies:
      safe-buffer: 5.2.1

  /randomfill/1.0.4:
    resolution: {integrity: sha512-87lcbR8+MhcWcUiQ+9e+Rwx8MyR2P7qnt15ynUlbm3TU/fjbgz4GsvfSUDTemtCCtVCqb4ZcEFlyPNTh9bBTLw==}
    dependencies:
      randombytes: 2.1.0
      safe-buffer: 5.2.1
    dev: false

  /readable-stream/1.0.34:
    resolution: {integrity: sha1-Elgg40vIQtLyqq+v5MKRbuMsFXw=}
    dependencies:
      core-util-is: 1.0.2
      inherits: 2.0.4
      isarray: 0.0.1
      string_decoder: 0.10.31
    dev: false

  /readable-stream/1.1.14:
    resolution: {integrity: sha1-fPTFTvZI44EwhMY23SB54WbAgdk=}
    dependencies:
      core-util-is: 1.0.2
      inherits: 2.0.4
      isarray: 0.0.1
      string_decoder: 0.10.31
    dev: false

  /readable-stream/2.3.7:
    resolution: {integrity: sha512-Ebho8K4jIbHAxnuxi7o42OrZgF/ZTNcsZj6nRKyUmkhLFq8CHItp/fy6hQZuZmP/n3yZ9VBUbp4zz/mX8hmYPw==}
    dependencies:
      core-util-is: 1.0.2
      inherits: 2.0.4
      isarray: 1.0.0
      process-nextick-args: 2.0.1
      safe-buffer: 5.1.2
      string_decoder: 1.1.1
      util-deprecate: 1.0.2
    dev: false

  /readable-stream/3.6.0:
    resolution: {integrity: sha512-BViHy7LKeTz4oNnkcLJ+lVSL6vpiFeX6/d3oSH8zCW7UxP2onchk+vTGB143xuFjHS3deTgkKoXXymXqymiIdA==}
    engines: {node: '>= 6'}
    dependencies:
      inherits: 2.0.4
      string_decoder: 1.3.0
      util-deprecate: 1.0.2
    dev: false

  /ripemd160/2.0.2:
    resolution: {integrity: sha512-ii4iagi25WusVoiC4B4lq7pbXfAp3D9v5CwfkY33vffw2+pkDjY1D8GaN7spsxvCSx8dkPqOZCEZyfxcmJG2IA==}
    dependencies:
      hash-base: 3.1.0
      inherits: 2.0.4
    dev: false

  /safe-buffer/5.1.2:
    resolution: {integrity: sha512-Gd2UZBJDkXlY7GbJxfsE8/nvKkUEU1G38c1siN6QP6a9PT9MmHB8GnpscSmMJSoF8LOIrt8ud/wPtojys4G6+g==}
    dev: false

  /safe-buffer/5.2.1:
    resolution: {integrity: sha512-rp3So07KcdmmKbGvgaNxQSJr7bGVSVk5S9Eq1F+ppbRo70+YeaDxkw5Dd8NPN+GD6bjnYm2VuPuCXmpuYvmCXQ==}

  /safer-buffer/2.1.2:
    resolution: {integrity: sha512-YZo3K82SD7Riyi0E1EQPojLz7kpepnSQI9IyPbHHg1XXXevb5dJI7tpyN2ADxGcQbHG7vcyRHk0cbwqcQriUtg==}
    dev: false

  /schema-utils/3.1.1:
    resolution: {integrity: sha512-Y5PQxS4ITlC+EahLuXaY86TXfR7Dc5lw294alXOq86JAHCihAIZfqv8nNCWvaEJvaC51uN9hbLGeV0cFBdH+Fw==}
    engines: {node: '>= 10.13.0'}
    dependencies:
      '@types/json-schema': 7.0.9
      ajv: 6.12.6
      ajv-keywords: 3.5.2_ajv@6.12.6
    dev: true

  /semver/2.3.2:
    resolution: {integrity: sha1-uYSPJdbPNjMwc+ye+IVtQvEjPlI=}
    hasBin: true
    dev: false

  /serialize-javascript/6.0.0:
    resolution: {integrity: sha512-Qr3TosvguFt8ePWqsvRfrKyQXIiW+nGbYpy8XK24NQHE83caxWt+mIymTT19DGFbNWNLfEwsrkSmN64lVWB9ag==}
    dependencies:
      randombytes: 2.1.0
    dev: true

  /setimmediate/1.0.5:
    resolution: {integrity: sha1-KQy7Iy4waULX1+qbg3Mqt4VvgoU=}
    dev: false

  /sha.js/2.4.11:
    resolution: {integrity: sha512-QMEp5B7cftE7APOjk5Y6xgrbWu+WkLVQwk8JNjZ8nKRciZaByEW6MubieAiToS7+dwvrjGhH8jRXz3MVd0AYqQ==}
    hasBin: true
    dependencies:
      inherits: 2.0.4
      safe-buffer: 5.2.1
    dev: false

  /source-map-support/0.5.20:
    resolution: {integrity: sha512-n1lZZ8Ve4ksRqizaBQgxXDgKwttHDhyfQjA6YZZn8+AroHbsIz+JjwxQDxbp+7y5OYCI8t1Yk7etjD9CRd2hIw==}
    dependencies:
      buffer-from: 1.1.1
      source-map: 0.6.1
    dev: true

  /source-map/0.6.1:
    resolution: {integrity: sha512-UjgapumWlbMhkBgzT7Ykc5YXUT46F0iKu8SGXq0bcwP5dz/h0Plj6enJqjz1Zbq2l5WaqYnrVbwWOWMyF3F47g==}
    engines: {node: '>=0.10.0'}
    dev: true

  /source-map/0.7.3:
    resolution: {integrity: sha512-CkCj6giN3S+n9qrYiBTX5gystlENnRW5jZeNLHpe6aue+SrHcG5VYwujhW9s4dY31mEGsxBDrHR6oI69fTXsaQ==}
    engines: {node: '>= 8'}
    dev: true

  /stream-browserify/3.0.0:
    resolution: {integrity: sha512-H73RAHsVBapbim0tU2JwwOiXUj+fikfiaoYAKHF3VJfA0pe2BCzkhAHBlLG6REzE+2WNZcxOXjK7lkso+9euLA==}
    dependencies:
      inherits: 2.0.4
      readable-stream: 3.6.0
    dev: false

  /stream-http/3.2.0:
    resolution: {integrity: sha512-Oq1bLqisTyK3TSCXpPbT4sdeYNdmyZJv1LxpEm2vu1ZhK89kSE5YXwZc3cWk0MagGaKriBh9mCFbVGtO+vY29A==}
    dependencies:
      builtin-status-codes: 3.0.0
      inherits: 2.0.4
      readable-stream: 3.6.0
      xtend: 4.0.2
    dev: false

  /string-range/1.2.2:
    resolution: {integrity: sha1-qJPtNH5yKZvIO++78qaSqNI51d0=}
    dev: false

  /string.prototype.trimend/1.0.4:
    resolution: {integrity: sha512-y9xCjw1P23Awk8EvTpcyL2NIr1j7wJ39f+k6lvRnSMz+mz9CGz9NYPelDk42kOz6+ql8xjfK8oYzy3jAP5QU5A==}
    dependencies:
      call-bind: 1.0.2
      define-properties: 1.1.3
    dev: false

  /string.prototype.trimstart/1.0.4:
    resolution: {integrity: sha512-jh6e984OBfvxS50tdY2nRZnoC5/mLFKOREQfw8t5yytkoUsJRNxvI/E39qu1sD0OtWI3OC0XgKSmcWwziwYuZw==}
    dependencies:
      call-bind: 1.0.2
      define-properties: 1.1.3
    dev: false

  /string_decoder/0.10.31:
    resolution: {integrity: sha1-YuIDvEF2bGwoyfyEMB2rHFMQ+pQ=}
    dev: false

  /string_decoder/1.1.1:
    resolution: {integrity: sha512-n/ShnvDi6FHbbVfviro+WojiFzv+s8MPMHBczVePfUpDJLwoLT0ht1l4YwBCbi8pJAveEEdnkHyPyTP/mzRfwg==}
    dependencies:
      safe-buffer: 5.1.2
    dev: false

  /string_decoder/1.3.0:
    resolution: {integrity: sha512-hkRX8U1WjJFd8LsDJ2yQ/wWWxaopEsABU1XfkM8A+j0+85JAGppt16cr1Whg6KIbb4okU6Mql6BOj+uup/wKeA==}
    dependencies:
      safe-buffer: 5.2.1
    dev: false

  /supports-color/8.1.1:
    resolution: {integrity: sha512-MpUEN2OodtUzxvKQl72cUF7RQ5EiHsGvSsVG0ia9c5RbWGL2CI4C7EpPS8UTBIplnlzZiNuV56w+FuNxy3ty2Q==}
    engines: {node: '>=10'}
    dependencies:
      has-flag: 4.0.0
    dev: true

  /tapable/2.2.0:
    resolution: {integrity: sha512-FBk4IesMV1rBxX2tfiK8RAmogtWn53puLOQlvO8XuwlgxcYbP4mVPS9Ph4aeamSyyVjOl24aYWAuc8U5kCVwMw==}
    engines: {node: '>=6'}
    dev: true

  /terser-webpack-plugin/5.2.5_acorn@8.6.0+webpack@5.72.1:
    resolution: {integrity: sha512-3luOVHku5l0QBeYS8r4CdHYWEGMmIj3H1U64jgkdZzECcSOJAyJ9TjuqcQZvw1Y+4AOBN9SeYJPJmFn2cM4/2g==}
    engines: {node: '>= 10.13.0'}
    peerDependencies:
      '@swc/core': '*'
      esbuild: '*'
      uglify-js: '*'
      webpack: ^5.1.0
    peerDependenciesMeta:
      '@swc/core':
        optional: true
      esbuild:
        optional: true
      uglify-js:
        optional: true
    dependencies:
      jest-worker: 27.3.1
      schema-utils: 3.1.1
      serialize-javascript: 6.0.0
      source-map: 0.6.1
      terser: 5.10.0_acorn@8.6.0
      webpack: 5.72.1
    transitivePeerDependencies:
      - acorn
    dev: true

  /terser/5.10.0_acorn@8.6.0:
    resolution: {integrity: sha512-AMmF99DMfEDiRJfxfY5jj5wNH/bYO09cniSqhfoyxc8sFoYIgkJy86G04UoZU5VjlpnplVu0K6Tx6E9b5+DlHA==}
    engines: {node: '>=10'}
    hasBin: true
    peerDependencies:
      acorn: ^8.5.0
    peerDependenciesMeta:
      acorn:
        optional: true
    dependencies:
      acorn: 8.6.0
      commander: 2.20.3
      source-map: 0.7.3
      source-map-support: 0.5.20
    dev: true

  /timers-browserify/2.0.12:
    resolution: {integrity: sha512-9phl76Cqm6FhSX9Xe1ZUAMLtm1BLkKj2Qd5ApyWkXzsMRaA7dgr81kf4wJmQf/hAvg8EEyJxDo3du/0KlhPiKQ==}
    engines: {node: '>=0.6.0'}
    dependencies:
      setimmediate: 1.0.5
    dev: false

  /tslib/1.14.1:
    resolution: {integrity: sha512-Xni35NKzjgMrwevysHTCArtLDpPvye8zV/0E4EyYn43P7/7qvQwPh9BGkHewbMulVntbigmcT7rdX3BNo9wRJg==}
    dev: true

  /tty-browserify/0.0.1:
    resolution: {integrity: sha512-C3TaO7K81YvjCgQH9Q1S3R3P3BtN3RIM8n+OvX4il1K1zgE8ZhI0op7kClgkxtutIE8hQrcrHBXvIheqKUUCxw==}
    dev: false

  /typedarray-to-buffer/1.0.4:
    resolution: {integrity: sha1-m7i6DoQfs/TPH+fCRenz+opf6Zw=}
    dev: false

  /typedarray/0.0.6:
    resolution: {integrity: sha1-hnrHTjhkGHsdPUfZlqeOxciDB3c=}
    dev: false

  /unbox-primitive/1.0.1:
    resolution: {integrity: sha512-tZU/3NqK3dA5gpE1KtyiJUrEB0lxnGkMFHptJ7q6ewdZ8s12QrODwNbhIJStmJkd1QDXa1NRA8aF2A1zk/Ypyw==}
    dependencies:
      function-bind: 1.1.1
      has-bigints: 1.0.1
      has-symbols: 1.0.2
      which-boxed-primitive: 1.0.2
    dev: false

  /uri-js/4.4.1:
    resolution: {integrity: sha512-7rKUyy33Q1yc98pQ1DAmLtwX109F7TIfWlW1Ydo8Wl1ii1SeHieeh0HHfPeL2fMXK6z0s8ecKs9frCuLJvndBg==}
    dependencies:
      punycode: 2.1.1
    dev: true

  /url/0.11.0:
    resolution: {integrity: sha1-ODjpfPxgUh63PFJajlW/3Z4uKPE=}
    dependencies:
      punycode: 1.3.2
      querystring: 0.2.0
    dev: false

  /util-deprecate/1.0.2:
    resolution: {integrity: sha1-RQ1Nyfpw3nMnYvvS1KKJgUGaDM8=}
    dev: false

  /util/0.12.4:
    resolution: {integrity: sha512-bxZ9qtSlGUWSOy9Qa9Xgk11kSslpuZwaxCg4sNIDj6FLucDab2JxnHwyNTCpHMtK1MjoQiWQ6DiUMZYbSrO+Sw==}
    dependencies:
      inherits: 2.0.4
      is-arguments: 1.1.0
      is-generator-function: 1.0.9
      is-typed-array: 1.1.5
      safe-buffer: 5.2.1
      which-typed-array: 1.1.4
    dev: false

  /vm-browserify/1.1.2:
    resolution: {integrity: sha512-2ham8XPWTONajOR0ohOKOHXkm3+gaBmGut3SRuu75xLd/RRaY6vqgh8NBYYk7+RW3u5AtzPQZG8F10LHkl0lAQ==}
    dev: false

  /watchpack/2.3.1:
    resolution: {integrity: sha512-x0t0JuydIo8qCNctdDrn1OzH/qDzk2+rdCOC3YzumZ42fiMqmQ7T3xQurykYMhYfHaPHTp4ZxAx2NfUo1K6QaA==}
    engines: {node: '>=10.13.0'}
    dependencies:
      glob-to-regexp: 0.4.1
      graceful-fs: 4.2.9
    dev: true

  /webpack-sources/3.2.3:
    resolution: {integrity: sha512-/DyMEOrDgLKKIG0fmvtz+4dUX/3Ghozwgm6iPp8KRhvn+eQf9+Q7GWxVNMk3+uCPWfdXYC4ExGBckIXdFEfH1w==}
    engines: {node: '>=10.13.0'}
    dev: true

  /webpack/5.72.1:
    resolution: {integrity: sha512-dXG5zXCLspQR4krZVR6QgajnZOjW2K/djHvdcRaDQvsjV9z9vaW6+ja5dZOYbqBBjF6kGXka/2ZyxNdc+8Jung==}
    engines: {node: '>=10.13.0'}
    hasBin: true
    peerDependencies:
      webpack-cli: '*'
    peerDependenciesMeta:
      webpack-cli:
        optional: true
    dependencies:
      '@types/eslint-scope': 3.7.3
      '@types/estree': 0.0.51
      '@webassemblyjs/ast': 1.11.1
      '@webassemblyjs/wasm-edit': 1.11.1
      '@webassemblyjs/wasm-parser': 1.11.1
      acorn: 8.6.0
      acorn-import-assertions: 1.8.0_acorn@8.6.0
      browserslist: 4.16.3
      chrome-trace-event: 1.0.2
      enhanced-resolve: 5.9.3
      es-module-lexer: 0.9.3
      eslint-scope: 5.1.1
      events: 3.3.0
      glob-to-regexp: 0.4.1
      graceful-fs: 4.2.9
      json-parse-even-better-errors: 2.3.1
      loader-runner: 4.2.0
      mime-types: 2.1.29
      neo-async: 2.6.2
      schema-utils: 3.1.1
      tapable: 2.2.0
      terser-webpack-plugin: 5.2.5_acorn@8.6.0+webpack@5.72.1
      watchpack: 2.3.1
      webpack-sources: 3.2.3
    transitivePeerDependencies:
      - '@swc/core'
      - esbuild
      - uglify-js
    dev: true

  /which-boxed-primitive/1.0.2:
    resolution: {integrity: sha512-bwZdv0AKLpplFY2KZRX6TvyuN7ojjr7lwkg6ml0roIy9YeuSr7JS372qlNW18UQYzgYK9ziGcerWqZOmEn9VNg==}
    dependencies:
      is-bigint: 1.0.2
      is-boolean-object: 1.1.1
      is-number-object: 1.0.5
      is-string: 1.0.6
      is-symbol: 1.0.4
    dev: false

  /which-typed-array/1.1.4:
    resolution: {integrity: sha512-49E0SpUe90cjpoc7BOJwyPHRqSAd12c10Qm2amdEZrJPCY2NDxaW01zHITrem+rnETY3dwrbH3UUrUwagfCYDA==}
    engines: {node: '>= 0.4'}
    dependencies:
      available-typed-arrays: 1.0.2
      call-bind: 1.0.2
      es-abstract: 1.18.0
      foreach: 2.0.5
      function-bind: 1.1.1
      has-symbols: 1.0.2
      is-typed-array: 1.1.5
    dev: false

  /wrappy/1.0.2:
    resolution: {integrity: sha1-tSQ9jz7BqjXxNkYFvA0QNuMKtp8=}
    dev: false

  /xtend/2.0.6:
    resolution: {integrity: sha1-XqZXptukRwacLlnFihE4ywxebO4=}
    engines: {node: '>=0.4'}
    dependencies:
      is-object: 0.1.2
      object-keys: 0.2.0
    dev: false

  /xtend/2.1.2:
    resolution: {integrity: sha1-bv7MKk2tjmlixJAbM3znuoe10os=}
    engines: {node: '>=0.4'}
    dependencies:
      object-keys: 0.4.0
    dev: false

  /xtend/2.2.0:
    resolution: {integrity: sha1-7vax8ZjByN6vrYsXZaBNrUoBxak=}
    engines: {node: '>=0.4'}
    dev: false

  /xtend/3.0.0:
    resolution: {integrity: sha1-XM50B7r2Qsunvs2laBEcST9ZZlo=}
    engines: {node: '>=0.4'}
    dev: false

  /xtend/4.0.2:
    resolution: {integrity: sha512-LKYU1iAXJXUgAXn9URjiu+MWhyUXHsvfp7mcuYm9dSUKK0/CjtrUwFAxD82/mCWbtLsGjFIad0wIsod4zrTAEQ==}
    engines: {node: '>=0.4'}
    dev: false
